
Microsoft Visual Studio Solution File, Format Version 12.00
# Visual Studio 2013
VisualStudioVersion = 12.0.31101.0
MinimumVisualStudioVersion = 10.0.40219.1
Project("{8BC9CEB8-8B4A-11D0-8D11-00A0C91BC942}") = "NormalMapGen", "NormalMapGen\NormalMapGen.vcxproj", "{4A358CBB-3D75-467C-83DE-24E305DDE21A}"
EndProject
Global
	GlobalSection(SolutionConfigurationPlatforms) = preSolution
		Debug|Win32 = Debug|Win32
		Release|Win32 = Release|Win32
	EndGlobalSection
	GlobalSection(ProjectConfigurationPlatforms) = postSolution
		{4A358CBB-3D75-467C-83DE-24E305DDE21A}.Debug|Win32.ActiveCfg = Debug|Win32
		{4A358CBB-3D75-467C-83DE-24E305DDE21A}.Debug|Win32.Build.0 = Debug|Win32
		{4A358CBB-3D75-467C-83DE-24E305DDE21A}.Release|Win32.ActiveCfg = Release|Win32
		{4A358CBB-3D75-467C-83DE-24E305DDE21A}.Release|Win32.Build.0 = Release|Win32
	EndGlobalSection
	GlobalSection(SolutionProperties) = preSolution
		HideSolutionNode = FALSE
	EndGlobalSection
EndGlobal
